
Microsoft Visual Studio Solution File, Format Version 12.00
# Visual Studio Version 17
VisualStudioVersion = 17.3.32825.248
MinimumVisualStudioVersion = 10.0.40219.1
Project("{9A19103F-16F7-4668-BE54-9A1E7A4F7556}") = "Hotel.Api", "Hotel.Api\Hotel.Api.csproj", "{D8749B28-F0D5-4114-A326-958600A84BA4}"
EndProject
Project("{9A19103F-16F7-4668-BE54-9A1E7A4F7556}") = "Hotel.Domain", "Hotel.Domain\Hotel.Domain.csproj", "{FF610655-A88F-49AA-B497-8B01933A1C6A}"
EndProject
Project("{9A19103F-16F7-4668-BE54-9A1E7A4F7556}") = "Hotel.Infrastructure", "Hotel.Infrastructure\Hotel.Infrastructure.csproj", "{0DD77332-FC3F-4638-AFAD-CD3C35B047A7}"
EndProject
Project("{9A19103F-16F7-4668-BE54-9A1E7A4F7556}") = "Hotel.Application", "Hotel.Application\Hotel.Application.csproj", "{5AAFEAFD-7F1D-4600-BB00-BDA1916BB757}"
EndProject
Project("{2150E333-8FDC-42A3-9474-1A3956D46DE8}") = "src", "src", "{3A515AED-D884-4621-A204-F1467A00D451}"
EndProject
Project("{2150E333-8FDC-42A3-9474-1A3956D46DE8}") = "Hotel", "Hotel", "{814F6661-F3BC-4651-80CC-A15088AE8A30}"
EndProject
Project("{2150E333-8FDC-42A3-9474-1A3956D46DE8}") = "Report", "Report", "{75330712-0953-414B-AAD6-CA101E2BF549}"
EndProject
Project("{FAE04EC0-301F-11D3-BF4B-00C04F79EFBC}") = "Report.Domain", "Report.Domain\Report.Domain.csproj", "{EDFF3E08-9585-4336-A5BD-AD93238AD8FB}"
EndProject
Project("{FAE04EC0-301F-11D3-BF4B-00C04F79EFBC}") = "Report.Infrastructure", "Report.Infrastructure\Report.Infrastructure.csproj", "{45D2A49E-8F21-4735-A88C-7906FE9A00A1}"
EndProject
Project("{FAE04EC0-301F-11D3-BF4B-00C04F79EFBC}") = "Report.Application", "Report.Application\Report.Application.csproj", "{CF453C03-F69E-41F6-9889-94B4565CF573}"
EndProject
Project("{FAE04EC0-301F-11D3-BF4B-00C04F79EFBC}") = "Report.Api", "Report.Api\Report.Api.csproj", "{13349A1A-E89E-4EE2-B909-D062631DEF39}"
EndProject
Global
	GlobalSection(SolutionConfigurationPlatforms) = preSolution
		Debug|Any CPU = Debug|Any CPU
		Release|Any CPU = Release|Any CPU
	EndGlobalSection
	GlobalSection(ProjectConfigurationPlatforms) = postSolution
		{D8749B28-F0D5-4114-A326-958600A84BA4}.Debug|Any CPU.ActiveCfg = Debug|Any CPU
		{D8749B28-F0D5-4114-A326-958600A84BA4}.Debug|Any CPU.Build.0 = Debug|Any CPU
		{D8749B28-F0D5-4114-A326-958600A84BA4}.Release|Any CPU.ActiveCfg = Release|Any CPU
		{D8749B28-F0D5-4114-A326-958600A84BA4}.Release|Any CPU.Build.0 = Release|Any CPU
		{FF610655-A88F-49AA-B497-8B01933A1C6A}.Debug|Any CPU.ActiveCfg = Debug|Any CPU
		{FF610655-A88F-49AA-B497-8B01933A1C6A}.Debug|Any CPU.Build.0 = Debug|Any CPU
		{FF610655-A88F-49AA-B497-8B01933A1C6A}.Release|Any CPU.ActiveCfg = Release|Any CPU
		{FF610655-A88F-49AA-B497-8B01933A1C6A}.Release|Any CPU.Build.0 = Release|Any CPU
		{0DD77332-FC3F-4638-AFAD-CD3C35B047A7}.Debug|Any CPU.ActiveCfg = Debug|Any CPU
		{0DD77332-FC3F-4638-AFAD-CD3C35B047A7}.Debug|Any CPU.Build.0 = Debug|Any CPU
		{0DD77332-FC3F-4638-AFAD-CD3C35B047A7}.Release|Any CPU.ActiveCfg = Release|Any CPU
		{0DD77332-FC3F-4638-AFAD-CD3C35B047A7}.Release|Any CPU.Build.0 = Release|Any CPU
		{5AAFEAFD-7F1D-4600-BB00-BDA1916BB757}.Debug|Any CPU.ActiveCfg = Debug|Any CPU
		{5AAFEAFD-7F1D-4600-BB00-BDA1916BB757}.Debug|Any CPU.Build.0 = Debug|Any CPU
		{5AAFEAFD-7F1D-4600-BB00-BDA1916BB757}.Release|Any CPU.ActiveCfg = Release|Any CPU
		{5AAFEAFD-7F1D-4600-BB00-BDA1916BB757}.Release|Any CPU.Build.0 = Release|Any CPU
		{EDFF3E08-9585-4336-A5BD-AD93238AD8FB}.Debug|Any CPU.ActiveCfg = Debug|Any CPU
		{EDFF3E08-9585-4336-A5BD-AD93238AD8FB}.Debug|Any CPU.Build.0 = Debug|Any CPU
		{EDFF3E08-9585-4336-A5BD-AD93238AD8FB}.Release|Any CPU.ActiveCfg = Release|Any CPU
		{EDFF3E08-9585-4336-A5BD-AD93238AD8FB}.Release|Any CPU.Build.0 = Release|Any CPU
		{45D2A49E-8F21-4735-A88C-7906FE9A00A1}.Debug|Any CPU.ActiveCfg = Debug|Any CPU
		{45D2A49E-8F21-4735-A88C-7906FE9A00A1}.Debug|Any CPU.Build.0 = Debug|Any CPU
		{45D2A49E-8F21-4735-A88C-7906FE9A00A1}.Release|Any CPU.ActiveCfg = Release|Any CPU
		{45D2A49E-8F21-4735-A88C-7906FE9A00A1}.Release|Any CPU.Build.0 = Release|Any CPU
		{CF453C03-F69E-41F6-9889-94B4565CF573}.Debug|Any CPU.ActiveCfg = Debug|Any CPU
		{CF453C03-F69E-41F6-9889-94B4565CF573}.Debug|Any CPU.Build.0 = Debug|Any CPU
		{CF453C03-F69E-41F6-9889-94B4565CF573}.Release|Any CPU.ActiveCfg = Release|Any CPU
		{CF453C03-F69E-41F6-9889-94B4565CF573}.Release|Any CPU.Build.0 = Release|Any CPU
		{13349A1A-E89E-4EE2-B909-D062631DEF39}.Debug|Any CPU.ActiveCfg = Debug|Any CPU
		{13349A1A-E89E-4EE2-B909-D062631DEF39}.Debug|Any CPU.Build.0 = Debug|Any CPU
		{13349A1A-E89E-4EE2-B909-D062631DEF39}.Release|Any CPU.ActiveCfg = Release|Any CPU
		{13349A1A-E89E-4EE2-B909-D062631DEF39}.Release|Any CPU.Build.0 = Release|Any CPU
	EndGlobalSection
	GlobalSection(SolutionProperties) = preSolution
		HideSolutionNode = FALSE
	EndGlobalSection
	GlobalSection(NestedProjects) = preSolution
		{D8749B28-F0D5-4114-A326-958600A84BA4} = {814F6661-F3BC-4651-80CC-A15088AE8A30}
		{FF610655-A88F-49AA-B497-8B01933A1C6A} = {814F6661-F3BC-4651-80CC-A15088AE8A30}
		{0DD77332-FC3F-4638-AFAD-CD3C35B047A7} = {814F6661-F3BC-4651-80CC-A15088AE8A30}
		{5AAFEAFD-7F1D-4600-BB00-BDA1916BB757} = {814F6661-F3BC-4651-80CC-A15088AE8A30}
		{814F6661-F3BC-4651-80CC-A15088AE8A30} = {3A515AED-D884-4621-A204-F1467A00D451}
		{75330712-0953-414B-AAD6-CA101E2BF549} = {3A515AED-D884-4621-A204-F1467A00D451}
		{EDFF3E08-9585-4336-A5BD-AD93238AD8FB} = {75330712-0953-414B-AAD6-CA101E2BF549}
		{45D2A49E-8F21-4735-A88C-7906FE9A00A1} = {75330712-0953-414B-AAD6-CA101E2BF549}
		{CF453C03-F69E-41F6-9889-94B4565CF573} = {75330712-0953-414B-AAD6-CA101E2BF549}
		{13349A1A-E89E-4EE2-B909-D062631DEF39} = {75330712-0953-414B-AAD6-CA101E2BF549}
	EndGlobalSection
	GlobalSection(ExtensibilityGlobals) = postSolution
		SolutionGuid = {42E07380-D9BE-49CD-9B79-B45D6B7EED85}
	EndGlobalSection
EndGlobal
